
Microsoft Visual Studio Solution File, Format Version 12.00
# Visual Studio Version 16
VisualStudioVersion = 16.0.31321.278
MinimumVisualStudioVersion = 10.0.40219.1
Project("{FAE04EC0-301F-11D3-BF4B-00C04F79EFBC}") = "Kursovaya_OS_last_c_sharp", "Kursovaya_OS_last_c_sharp.csproj", "{DE342EDB-305F-42A5-ADD4-E802CC1B3596}"
EndProject
Global
	GlobalSection(SolutionConfigurationPlatforms) = preSolution
		Debug|Any CPU = Debug|Any CPU
		Release|Any CPU = Release|Any CPU
	EndGlobalSection
	GlobalSection(ProjectConfigurationPlatforms) = postSolution
		{DE342EDB-305F-42A5-ADD4-E802CC1B3596}.Debug|Any CPU.ActiveCfg = Debug|Any CPU
		{DE342EDB-305F-42A5-ADD4-E802CC1B3596}.Debug|Any CPU.Build.0 = Debug|Any CPU
		{DE342EDB-305F-42A5-ADD4-E802CC1B3596}.Release|Any CPU.ActiveCfg = Release|Any CPU
		{DE342EDB-305F-42A5-ADD4-E802CC1B3596}.Release|Any CPU.Build.0 = Release|Any CPU
	EndGlobalSection
	GlobalSection(SolutionProperties) = preSolution
		HideSolutionNode = FALSE
	EndGlobalSection
	GlobalSection(ExtensibilityGlobals) = postSolution
		SolutionGuid = {0D70F706-FFDB-41B8-8BD7-4B8B81540D57}
	EndGlobalSection
EndGlobal
